
Microsoft Visual Studio Solution File, Format Version 12.00
# Visual Studio Version 17
VisualStudioVersion = 17.4.33213.308
MinimumVisualStudioVersion = 10.0.40219.1
Project("{FAE04EC0-301F-11D3-BF4B-00C04F79EFBC}") = "UnitManager", "UnitManager\UnitManager.csproj", "{CA193095-977B-45A2-819A-51EB9815A447}"
EndProject
Global
	GlobalSection(SolutionConfigurationPlatforms) = preSolution
		Debug|ARM64 = Debug|ARM64
		Debug|x64 = Debug|x64
		Debug|x86 = Debug|x86
		Release|ARM64 = Release|ARM64
		Release|x64 = Release|x64
		Release|x86 = Release|x86
	EndGlobalSection
	GlobalSection(ProjectConfigurationPlatforms) = postSolution
		{CA193095-977B-45A2-819A-51EB9815A447}.Debug|ARM64.ActiveCfg = Debug|ARM64
		{CA193095-977B-45A2-819A-51EB9815A447}.Debug|ARM64.Build.0 = Debug|ARM64
		{CA193095-977B-45A2-819A-51EB9815A447}.Debug|ARM64.Deploy.0 = Debug|ARM64
		{CA193095-977B-45A2-819A-51EB9815A447}.Debug|x64.ActiveCfg = Debug|x64
		{CA193095-977B-45A2-819A-51EB9815A447}.Debug|x64.Build.0 = Debug|x64
		{CA193095-977B-45A2-819A-51EB9815A447}.Debug|x64.Deploy.0 = Debug|x64
		{CA193095-977B-45A2-819A-51EB9815A447}.Debug|x86.ActiveCfg = Debug|x86
		{CA193095-977B-45A2-819A-51EB9815A447}.Debug|x86.Build.0 = Debug|x86
		{CA193095-977B-45A2-819A-51EB9815A447}.Debug|x86.Deploy.0 = Debug|x86
		{CA193095-977B-45A2-819A-51EB9815A447}.Release|ARM64.ActiveCfg = Release|ARM64
		{CA193095-977B-45A2-819A-51EB9815A447}.Release|ARM64.Build.0 = Release|ARM64
		{CA193095-977B-45A2-819A-51EB9815A447}.Release|ARM64.Deploy.0 = Release|ARM64
		{CA193095-977B-45A2-819A-51EB9815A447}.Release|x64.ActiveCfg = Release|x64
		{CA193095-977B-45A2-819A-51EB9815A447}.Release|x64.Build.0 = Release|x64
		{CA193095-977B-45A2-819A-51EB9815A447}.Release|x64.Deploy.0 = Release|x64
		{CA193095-977B-45A2-819A-51EB9815A447}.Release|x86.ActiveCfg = Release|x86
		{CA193095-977B-45A2-819A-51EB9815A447}.Release|x86.Build.0 = Release|x86
		{CA193095-977B-45A2-819A-51EB9815A447}.Release|x86.Deploy.0 = Release|x86
	EndGlobalSection
	GlobalSection(SolutionProperties) = preSolution
		HideSolutionNode = FALSE
	EndGlobalSection
	GlobalSection(ExtensibilityGlobals) = postSolution
		SolutionGuid = {7604977E-4952-4495-A457-6059AA7D26F5}
	EndGlobalSection
EndGlobal
